// !$*UTF8*$!
{
	archiveVersion = 1;
	classes = {
	};
	objectVersion = 56;
	objects = {

/* Begin PBXBuildFile section */
		2A5EC0842ABC2BA000B8014C /* Assets.xcassets in Resources */ = {isa = PBXBuildFile; fileRef = 2A5EC0832ABC2BA000B8014C /* Assets.xcassets */; };
		2A5EC0872ABC2BA000B8014C /* Preview Assets.xcassets in Resources */ = {isa = PBXBuildFile; fileRef = 2A5EC0862ABC2BA000B8014C /* Preview Assets.xcassets */; };
		2A5EC0912ABC2BA000B8014C /* ModularAnalyticsTests.swift in Sources */ = {isa = PBXBuildFile; fileRef = 2A5EC0902ABC2BA000B8014C /* ModularAnalyticsTests.swift */; };
		2A5EC0D12AC45E0F00B8014C /* Dependencies in Frameworks */ = {isa = PBXBuildFile; productRef = 2A5EC0D02AC45E0F00B8014C /* Dependencies */; };
		2A5EC0D32AC45E0F00B8014C /* SampleFeature in Frameworks */ = {isa = PBXBuildFile; productRef = 2A5EC0D22AC45E0F00B8014C /* SampleFeature */; };
		2A5EC0D52AC45E0F00B8014C /* Storage in Frameworks */ = {isa = PBXBuildFile; productRef = 2A5EC0D42AC45E0F00B8014C /* Storage */; };
		2A5EC0D82AC460AF00B8014C /* Analytics in Frameworks */ = {isa = PBXBuildFile; productRef = 2A5EC0D72AC460AF00B8014C /* Analytics */; };
		E81875E2652F3B94C8E013F5 /* AppDelegate.swift in Sources */ = {isa = PBXBuildFile; fileRef = E8187B2AC6083EE7A9D9962D /* AppDelegate.swift */; };
		E8187639B22AD7DCADD6FF56 /* ModularAnalyticsApp.swift in Sources */ = {isa = PBXBuildFile; fileRef = E81876E054CE627A2156C4C3 /* ModularAnalyticsApp.swift */; };
		E818786E0DACA7C314E7662F /* ContentView.swift in Sources */ = {isa = PBXBuildFile; fileRef = E8187FAF05922EA2D7016FD9 /* ContentView.swift */; };
		E81879D6ACEE6E53BBB94BE2 /* DependenciesInitializer.swift in Sources */ = {isa = PBXBuildFile; fileRef = E8187B88F4639952A8DA17CE /* DependenciesInitializer.swift */; };
/* End PBXBuildFile section */

/* Begin PBXContainerItemProxy section */
		2A5EC08D2ABC2BA000B8014C /* PBXContainerItemProxy */ = {
			isa = PBXContainerItemProxy;
			containerPortal = 2A5EC0742ABC2B9F00B8014C /* Project object */;
			proxyType = 1;
			remoteGlobalIDString = 2A5EC07B2ABC2B9F00B8014C;
			remoteInfo = ModularAnalytics;
		};
/* End PBXContainerItemProxy section */

/* Begin PBXFileReference section */
		2A5EC07C2ABC2B9F00B8014C /* ModularAnalytics.app */ = {isa = PBXFileReference; explicitFileType = wrapper.application; includeInIndex = 0; path = ModularAnalytics.app; sourceTree = BUILT_PRODUCTS_DIR; };
		2A5EC0832ABC2BA000B8014C /* Assets.xcassets */ = {isa = PBXFileReference; lastKnownFileType = folder.assetcatalog; path = Assets.xcassets; sourceTree = "<group>"; };
		2A5EC0862ABC2BA000B8014C /* Preview Assets.xcassets */ = {isa = PBXFileReference; lastKnownFileType = folder.assetcatalog; path = "Preview Assets.xcassets"; sourceTree = "<group>"; };
		2A5EC08C2ABC2BA000B8014C /* ModularAnalyticsTests.xctest */ = {isa = PBXFileReference; explicitFileType = wrapper.cfbundle; includeInIndex = 0; path = ModularAnalyticsTests.xctest; sourceTree = BUILT_PRODUCTS_DIR; };
		2A5EC0902ABC2BA000B8014C /* ModularAnalyticsTests.swift */ = {isa = PBXFileReference; lastKnownFileType = sourcecode.swift; path = ModularAnalyticsTests.swift; sourceTree = "<group>"; };
		2A5EC0B62AC15A6B00B8014C /* Storage */ = {isa = PBXFileReference; lastKnownFileType = wrapper; name = Storage; path = ../Modules/Storage; sourceTree = "<group>"; };
		2A5EC0BC2AC1868300B8014C /* Dependencies */ = {isa = PBXFileReference; lastKnownFileType = wrapper; name = Dependencies; path = ../Modules/Dependencies; sourceTree = "<group>"; };
		2A5EC0CC2AC2CCBE00B8014C /* SampleFeature */ = {isa = PBXFileReference; lastKnownFileType = wrapper; name = SampleFeature; path = ../Modules/SampleFeature; sourceTree = "<group>"; };
		2A5EC0D62AC45E6200B8014C /* Analytics */ = {isa = PBXFileReference; lastKnownFileType = wrapper; name = Analytics; path = ../Modules/Analytics; sourceTree = "<group>"; };
		E81876E054CE627A2156C4C3 /* ModularAnalyticsApp.swift */ = {isa = PBXFileReference; fileEncoding = 4; lastKnownFileType = sourcecode.swift; name = ModularAnalyticsApp.swift; path = Sources/ModularAnalyticsApp.swift; sourceTree = "<group>"; };
		E8187B2AC6083EE7A9D9962D /* AppDelegate.swift */ = {isa = PBXFileReference; fileEncoding = 4; lastKnownFileType = sourcecode.swift; name = AppDelegate.swift; path = Sources/AppDelegate.swift; sourceTree = "<group>"; };
		E8187B88F4639952A8DA17CE /* DependenciesInitializer.swift */ = {isa = PBXFileReference; fileEncoding = 4; lastKnownFileType = sourcecode.swift; path = DependenciesInitializer.swift; sourceTree = "<group>"; };
		E8187FAF05922EA2D7016FD9 /* ContentView.swift */ = {isa = PBXFileReference; fileEncoding = 4; lastKnownFileType = sourcecode.swift; name = ContentView.swift; path = Sources/View/ContentView.swift; sourceTree = "<group>"; };
/* End PBXFileReference section */

/* Begin PBXFrameworksBuildPhase section */
		2A5EC0792ABC2B9F00B8014C /* Frameworks */ = {
			isa = PBXFrameworksBuildPhase;
			buildActionMask = 2147483647;
			files = (
				2A5EC0D52AC45E0F00B8014C /* Storage in Frameworks */,
				2A5EC0D82AC460AF00B8014C /* Analytics in Frameworks */,
				2A5EC0D12AC45E0F00B8014C /* Dependencies in Frameworks */,
				2A5EC0D32AC45E0F00B8014C /* SampleFeature in Frameworks */,
			);
			runOnlyForDeploymentPostprocessing = 0;
		};
		2A5EC0892ABC2BA000B8014C /* Frameworks */ = {
			isa = PBXFrameworksBuildPhase;
			buildActionMask = 2147483647;
			files = (
			);
			runOnlyForDeploymentPostprocessing = 0;
		};
/* End PBXFrameworksBuildPhase section */

/* Begin PBXGroup section */
		2A5EC0732ABC2B9F00B8014C = {
			isa = PBXGroup;
			children = (
				2A5EC0AE2ABC62EE00B8014C /* Packages */,
				2A5EC07E2ABC2B9F00B8014C /* ModularAnalytics */,
				2A5EC08F2ABC2BA000B8014C /* ModularAnalyticsTests */,
				2A5EC07D2ABC2B9F00B8014C /* Products */,
				2A5EC0C02AC1B1E400B8014C /* Frameworks */,
			);
			sourceTree = "<group>";
		};
		2A5EC07D2ABC2B9F00B8014C /* Products */ = {
			isa = PBXGroup;
			children = (
				2A5EC07C2ABC2B9F00B8014C /* ModularAnalytics.app */,
				2A5EC08C2ABC2BA000B8014C /* ModularAnalyticsTests.xctest */,
			);
			name = Products;
			sourceTree = "<group>";
		};
		2A5EC07E2ABC2B9F00B8014C /* ModularAnalytics */ = {
			isa = PBXGroup;
			children = (
				2A5EC0832ABC2BA000B8014C /* Assets.xcassets */,
				2A5EC0852ABC2BA000B8014C /* Preview Content */,
				E81876E054CE627A2156C4C3 /* ModularAnalyticsApp.swift */,
				E8187B2AC6083EE7A9D9962D /* AppDelegate.swift */,
				E8187FAF05922EA2D7016FD9 /* ContentView.swift */,
				E818776CB5C4BFDE37E25B80 /* Dependencies */,
			);
			path = ModularAnalytics;
			sourceTree = "<group>";
		};
		2A5EC0852ABC2BA000B8014C /* Preview Content */ = {
			isa = PBXGroup;
			children = (
				2A5EC0862ABC2BA000B8014C /* Preview Assets.xcassets */,
			);
			path = "Preview Content";
			sourceTree = "<group>";
		};
		2A5EC08F2ABC2BA000B8014C /* ModularAnalyticsTests */ = {
			isa = PBXGroup;
			children = (
				2A5EC0902ABC2BA000B8014C /* ModularAnalyticsTests.swift */,
			);
			path = ModularAnalyticsTests;
			sourceTree = "<group>";
		};
		2A5EC0AE2ABC62EE00B8014C /* Packages */ = {
			isa = PBXGroup;
			children = (
				2A5EC0CC2AC2CCBE00B8014C /* SampleFeature */,
				2A5EC0BC2AC1868300B8014C /* Dependencies */,
				2A5EC0B62AC15A6B00B8014C /* Storage */,
				2A5EC0D62AC45E6200B8014C /* Analytics */,
			);
			name = Packages;
			sourceTree = "<group>";
		};
		2A5EC0C02AC1B1E400B8014C /* Frameworks */ = {
			isa = PBXGroup;
			children = (
			);
			name = Frameworks;
			sourceTree = "<group>";
		};
		E818776CB5C4BFDE37E25B80 /* Dependencies */ = {
			isa = PBXGroup;
			children = (
				E8187B88F4639952A8DA17CE /* DependenciesInitializer.swift */,
			);
			name = Dependencies;
			path = Sources/Dependencies;
			sourceTree = "<group>";
		};
/* End PBXGroup section */

/* Begin PBXNativeTarget section */
		2A5EC07B2ABC2B9F00B8014C /* ModularAnalytics */ = {
			isa = PBXNativeTarget;
			buildConfigurationList = 2A5EC0A02ABC2BA000B8014C /* Build configuration list for PBXNativeTarget "ModularAnalytics" */;
			buildPhases = (
				2A5EC0782ABC2B9F00B8014C /* Sources */,
				2A5EC0792ABC2B9F00B8014C /* Frameworks */,
				2A5EC07A2ABC2B9F00B8014C /* Resources */,
			);
			buildRules = (
			);
			dependencies = (
			);
			name = ModularAnalytics;
			packageProductDependencies = (
				2A5EC0D02AC45E0F00B8014C /* Dependencies */,
				2A5EC0D22AC45E0F00B8014C /* SampleFeature */,
				2A5EC0D42AC45E0F00B8014C /* Storage */,
				2A5EC0D72AC460AF00B8014C /* Analytics */,
			);
			productName = ModularAnalytics;
			productReference = 2A5EC07C2ABC2B9F00B8014C /* ModularAnalytics.app */;
			productType = "com.apple.product-type.application";
		};
		2A5EC08B2ABC2BA000B8014C /* ModularAnalyticsTests */ = {
			isa = PBXNativeTarget;
			buildConfigurationList = 2A5EC0A32ABC2BA000B8014C /* Build configuration list for PBXNativeTarget "ModularAnalyticsTests" */;
			buildPhases = (
				2A5EC0882ABC2BA000B8014C /* Sources */,
				2A5EC0892ABC2BA000B8014C /* Frameworks */,
				2A5EC08A2ABC2BA000B8014C /* Resources */,
			);
			buildRules = (
			);
			dependencies = (
				2A5EC08E2ABC2BA000B8014C /* PBXTargetDependency */,
			);
			name = ModularAnalyticsTests;
			productName = ModularAnalyticsTests;
			productReference = 2A5EC08C2ABC2BA000B8014C /* ModularAnalyticsTests.xctest */;
			productType = "com.apple.product-type.bundle.unit-test";
		};
/* End PBXNativeTarget section */

/* Begin PBXProject section */
		2A5EC0742ABC2B9F00B8014C /* Project object */ = {
			isa = PBXProject;
			attributes = {
				BuildIndependentTargetsInParallel = 1;
				LastSwiftUpdateCheck = 1430;
				LastUpgradeCheck = 1430;
				TargetAttributes = {
					2A5EC07B2ABC2B9F00B8014C = {
						CreatedOnToolsVersion = 14.3.1;
					};
					2A5EC08B2ABC2BA000B8014C = {
						CreatedOnToolsVersion = 14.3.1;
						TestTargetID = 2A5EC07B2ABC2B9F00B8014C;
					};
				};
			};
			buildConfigurationList = 2A5EC0772ABC2B9F00B8014C /* Build configuration list for PBXProject "ModularAnalytics" */;
			compatibilityVersion = "Xcode 14.0";
			developmentRegion = en;
			hasScannedForEncodings = 0;
			knownRegions = (
				en,
				Base,
			);
			mainGroup = 2A5EC0732ABC2B9F00B8014C;
			packageReferences = (
			);
			productRefGroup = 2A5EC07D2ABC2B9F00B8014C /* Products */;
			projectDirPath = "";
			projectRoot = "";
			targets = (
				2A5EC07B2ABC2B9F00B8014C /* ModularAnalytics */,
				2A5EC08B2ABC2BA000B8014C /* ModularAnalyticsTests */,
			);
		};
/* End PBXProject section */

/* Begin PBXResourcesBuildPhase section */
		2A5EC07A2ABC2B9F00B8014C /* Resources */ = {
			isa = PBXResourcesBuildPhase;
			buildActionMask = 2147483647;
			files = (
				2A5EC0872ABC2BA000B8014C /* Preview Assets.xcassets in Resources */,
				2A5EC0842ABC2BA000B8014C /* Assets.xcassets in Resources */,
			);
			runOnlyForDeploymentPostprocessing = 0;
		};
		2A5EC08A2ABC2BA000B8014C /* Resources */ = {
			isa = PBXResourcesBuildPhase;
			buildActionMask = 2147483647;
			files = (
			);
			runOnlyForDeploymentPostprocessing = 0;
		};
/* End PBXResourcesBuildPhase section */

/* Begin PBXSourcesBuildPhase section */
		2A5EC0782ABC2B9F00B8014C /* Sources */ = {
			isa = PBXSourcesBuildPhase;
			buildActionMask = 2147483647;
			files = (
				E8187639B22AD7DCADD6FF56 /* ModularAnalyticsApp.swift in Sources */,
				E81875E2652F3B94C8E013F5 /* AppDelegate.swift in Sources */,
				E818786E0DACA7C314E7662F /* ContentView.swift in Sources */,
				E81879D6ACEE6E53BBB94BE2 /* DependenciesInitializer.swift in Sources */,
			);
			runOnlyForDeploymentPostprocessing = 0;
		};
		2A5EC0882ABC2BA000B8014C /* Sources */ = {
			isa = PBXSourcesBuildPhase;
			buildActionMask = 2147483647;
			files = (
				2A5EC0912ABC2BA000B8014C /* ModularAnalyticsTests.swift in Sources */,
			);
			runOnlyForDeploymentPostprocessing = 0;
		};
/* End PBXSourcesBuildPhase section */

/* Begin PBXTargetDependency section */
		2A5EC08E2ABC2BA000B8014C /* PBXTargetDependency */ = {
			isa = PBXTargetDependency;
			target = 2A5EC07B2ABC2B9F00B8014C /* ModularAnalytics */;
			targetProxy = 2A5EC08D2ABC2BA000B8014C /* PBXContainerItemProxy */;
		};
/* End PBXTargetDependency section */

/* Begin XCBuildConfiguration section */
		2A5EC09E2ABC2BA000B8014C /* Debug */ = {
			isa = XCBuildConfiguration;
			buildSettings = {
				ALWAYS_SEARCH_USER_PATHS = NO;
				CLANG_ANALYZER_NONNULL = YES;
				CLANG_ANALYZER_NUMBER_OBJECT_CONVERSION = YES_AGGRESSIVE;
				CLANG_CXX_LANGUAGE_STANDARD = "gnu++20";
				CLANG_ENABLE_MODULES = YES;
				CLANG_ENABLE_OBJC_ARC = YES;
				CLANG_ENABLE_OBJC_WEAK = YES;
				CLANG_WARN_BLOCK_CAPTURE_AUTORELEASING = YES;
				CLANG_WARN_BOOL_CONVERSION = YES;
				CLANG_WARN_COMMA = YES;
				CLANG_WARN_CONSTANT_CONVERSION = YES;
				CLANG_WARN_DEPRECATED_OBJC_IMPLEMENTATIONS = YES;
				CLANG_WARN_DIRECT_OBJC_ISA_USAGE = YES_ERROR;
				CLANG_WARN_DOCUMENTATION_COMMENTS = YES;
				CLANG_WARN_EMPTY_BODY = YES;
				CLANG_WARN_ENUM_CONVERSION = YES;
				CLANG_WARN_INFINITE_RECURSION = YES;
				CLANG_WARN_INT_CONVERSION = YES;
				CLANG_WARN_NON_LITERAL_NULL_CONVERSION = YES;
				CLANG_WARN_OBJC_IMPLICIT_RETAIN_SELF = YES;
				CLANG_WARN_OBJC_LITERAL_CONVERSION = YES;
				CLANG_WARN_OBJC_ROOT_CLASS = YES_ERROR;
				CLANG_WARN_QUOTED_INCLUDE_IN_FRAMEWORK_HEADER = YES;
				CLANG_WARN_RANGE_LOOP_ANALYSIS = YES;
				CLANG_WARN_STRICT_PROTOTYPES = YES;
				CLANG_WARN_SUSPICIOUS_MOVE = YES;
				CLANG_WARN_UNGUARDED_AVAILABILITY = YES_AGGRESSIVE;
				CLANG_WARN_UNREACHABLE_CODE = YES;
				CLANG_WARN__DUPLICATE_METHOD_MATCH = YES;
				COPY_PHASE_STRIP = NO;
				DEBUG_INFORMATION_FORMAT = dwarf;
				ENABLE_STRICT_OBJC_MSGSEND = YES;
				ENABLE_TESTABILITY = YES;
				GCC_C_LANGUAGE_STANDARD = gnu11;
				GCC_DYNAMIC_NO_PIC = NO;
				GCC_NO_COMMON_BLOCKS = YES;
				GCC_OPTIMIZATION_LEVEL = 0;
				GCC_PREPROCESSOR_DEFINITIONS = (
					"DEBUG=1",
					"$(inherited)",
				);
				GCC_WARN_64_TO_32_BIT_CONVERSION = YES;
				GCC_WARN_ABOUT_RETURN_TYPE = YES_ERROR;
				GCC_WARN_UNDECLARED_SELECTOR = YES;
				GCC_WARN_UNINITIALIZED_AUTOS = YES_AGGRESSIVE;
				GCC_WARN_UNUSED_FUNCTION = YES;
				GCC_WARN_UNUSED_VARIABLE = YES;
				IPHONEOS_DEPLOYMENT_TARGET = 16.0;
				MTL_ENABLE_DEBUG_INFO = INCLUDE_SOURCE;
				MTL_FAST_MATH = YES;
				ONLY_ACTIVE_ARCH = YES;
				SDKROOT = iphoneos;
				SWIFT_ACTIVE_COMPILATION_CONDITIONS = DEBUG;
				SWIFT_OPTIMIZATION_LEVEL = "-Onone";
			};
			name = Debug;
		};
		2A5EC09F2ABC2BA000B8014C /* Release */ = {
			isa = XCBuildConfiguration;
			buildSettings = {
				ALWAYS_SEARCH_USER_PATHS = NO;
				CLANG_ANALYZER_NONNULL = YES;
				CLANG_ANALYZER_NUMBER_OBJECT_CONVERSION = YES_AGGRESSIVE;
				CLANG_CXX_LANGUAGE_STANDARD = "gnu++20";
				CLANG_ENABLE_MODULES = YES;
				CLANG_ENABLE_OBJC_ARC = YES;
				CLANG_ENABLE_OBJC_WEAK = YES;
				CLANG_WARN_BLOCK_CAPTURE_AUTORELEASING = YES;
				CLANG_WARN_BOOL_CONVERSION = YES;
				CLANG_WARN_COMMA = YES;
				CLANG_WARN_CONSTANT_CONVERSION = YES;
				CLANG_WARN_DEPRECATED_OBJC_IMPLEMENTATIONS = YES;
				CLANG_WARN_DIRECT_OBJC_ISA_USAGE = YES_ERROR;
				CLANG_WARN_DOCUMENTATION_COMMENTS = YES;
				CLANG_WARN_EMPTY_BODY = YES;
				CLANG_WARN_ENUM_CONVERSION = YES;
				CLANG_WARN_INFINITE_RECURSION = YES;
				CLANG_WARN_INT_CONVERSION = YES;
				CLANG_WARN_NON_LITERAL_NULL_CONVERSION = YES;
				CLANG_WARN_OBJC_IMPLICIT_RETAIN_SELF = YES;
				CLANG_WARN_OBJC_LITERAL_CONVERSION = YES;
				CLANG_WARN_OBJC_ROOT_CLASS = YES_ERROR;
				CLANG_WARN_QUOTED_INCLUDE_IN_FRAMEWORK_HEADER = YES;
				CLANG_WARN_RANGE_LOOP_ANALYSIS = YES;
				CLANG_WARN_STRICT_PROTOTYPES = YES;
				CLANG_WARN_SUSPICIOUS_MOVE = YES;
				CLANG_WARN_UNGUARDED_AVAILABILITY = YES_AGGRESSIVE;
				CLANG_WARN_UNREACHABLE_CODE = YES;
				CLANG_WARN__DUPLICATE_METHOD_MATCH = YES;
				COPY_PHASE_STRIP = NO;
				DEBUG_INFORMATION_FORMAT = "dwarf-with-dsym";
				ENABLE_NS_ASSERTIONS = NO;
				ENABLE_STRICT_OBJC_MSGSEND = YES;
				GCC_C_LANGUAGE_STANDARD = gnu11;
				GCC_NO_COMMON_BLOCKS = YES;
				GCC_WARN_64_TO_32_BIT_CONVERSION = YES;
				GCC_WARN_ABOUT_RETURN_TYPE = YES_ERROR;
				GCC_WARN_UNDECLARED_SELECTOR = YES;
				GCC_WARN_UNINITIALIZED_AUTOS = YES_AGGRESSIVE;
				GCC_WARN_UNUSED_FUNCTION = YES;
				GCC_WARN_UNUSED_VARIABLE = YES;
				IPHONEOS_DEPLOYMENT_TARGET = 16.0;
				MTL_ENABLE_DEBUG_INFO = NO;
				MTL_FAST_MATH = YES;
				SDKROOT = iphoneos;
				SWIFT_COMPILATION_MODE = wholemodule;
				SWIFT_OPTIMIZATION_LEVEL = "-O";
				VALIDATE_PRODUCT = YES;
			};
			name = Release;
		};
		2A5EC0A12ABC2BA000B8014C /* Debug */ = {
			isa = XCBuildConfiguration;
			buildSettings = {
				ASSETCATALOG_COMPILER_APPICON_NAME = AppIcon;
				ASSETCATALOG_COMPILER_GLOBAL_ACCENT_COLOR_NAME = AccentColor;
				CODE_SIGN_STYLE = Automatic;
				CURRENT_PROJECT_VERSION = 1;
				DEVELOPMENT_ASSET_PATHS = "\"ModularAnalytics/Preview Content\"";
				ENABLE_PREVIEWS = YES;
				GENERATE_INFOPLIST_FILE = YES;
				INFOPLIST_KEY_UIApplicationSceneManifest_Generation = YES;
				INFOPLIST_KEY_UIApplicationSupportsIndirectInputEvents = YES;
				INFOPLIST_KEY_UILaunchScreen_Generation = YES;
				INFOPLIST_KEY_UISupportedInterfaceOrientations = UIInterfaceOrientationPortrait;
				INFOPLIST_KEY_UISupportedInterfaceOrientations_iPad = "UIInterfaceOrientationLandscapeLeft UIInterfaceOrientationLandscapeRight UIInterfaceOrientationPortrait UIInterfaceOrientationPortraitUpsideDown";
				IPHONEOS_DEPLOYMENT_TARGET = 16.0;
				LD_RUNPATH_SEARCH_PATHS = (
					"$(inherited)",
					"@executable_path/Frameworks",
				);
				MARKETING_VERSION = 1.0;
				PRODUCT_BUNDLE_IDENTIFIER = com.swiftandmemes.ModularAnalytics;
				PRODUCT_NAME = "$(TARGET_NAME)";
				SUPPORTED_PLATFORMS = "iphoneos iphonesimulator";
				SUPPORTS_MACCATALYST = NO;
				SUPPORTS_MAC_DESIGNED_FOR_IPHONE_IPAD = NO;
				SWIFT_EMIT_LOC_STRINGS = YES;
				SWIFT_VERSION = 5.0;
				TARGETED_DEVICE_FAMILY = 1;
			};
			name = Debug;
		};
		2A5EC0A22ABC2BA000B8014C /* Release */ = {
			isa = XCBuildConfiguration;
			buildSettings = {
				ASSETCATALOG_COMPILER_APPICON_NAME = AppIcon;
				ASSETCATALOG_COMPILER_GLOBAL_ACCENT_COLOR_NAME = AccentColor;
				CODE_SIGN_STYLE = Automatic;
				CURRENT_PROJECT_VERSION = 1;
				DEVELOPMENT_ASSET_PATHS = "\"ModularAnalytics/Preview Content\"";
				ENABLE_PREVIEWS = YES;
				GENERATE_INFOPLIST_FILE = YES;
				INFOPLIST_KEY_UIApplicationSceneManifest_Generation = YES;
				INFOPLIST_KEY_UIApplicationSupportsIndirectInputEvents = YES;
				INFOPLIST_KEY_UILaunchScreen_Generation = YES;
				INFOPLIST_KEY_UISupportedInterfaceOrientations = UIInterfaceOrientationPortrait;
				INFOPLIST_KEY_UISupportedInterfaceOrientations_iPad = "UIInterfaceOrientationLandscapeLeft UIInterfaceOrientationLandscapeRight UIInterfaceOrientationPortrait UIInterfaceOrientationPortraitUpsideDown";
				IPHONEOS_DEPLOYMENT_TARGET = 16.0;
				LD_RUNPATH_SEARCH_PATHS = (
					"$(inherited)",
					"@executable_path/Frameworks",
				);
				MARKETING_VERSION = 1.0;
				PRODUCT_BUNDLE_IDENTIFIER = com.swiftandmemes.ModularAnalytics;
				PRODUCT_NAME = "$(TARGET_NAME)";
				SUPPORTED_PLATFORMS = "iphoneos iphonesimulator";
				SUPPORTS_MACCATALYST = NO;
				SUPPORTS_MAC_DESIGNED_FOR_IPHONE_IPAD = NO;
				SWIFT_EMIT_LOC_STRINGS = YES;
				SWIFT_VERSION = 5.0;
				TARGETED_DEVICE_FAMILY = 1;
			};
			name = Release;
		};
		2A5EC0A42ABC2BA000B8014C /* Debug */ = {
			isa = XCBuildConfiguration;
			buildSettings = {
				ALWAYS_EMBED_SWIFT_STANDARD_LIBRARIES = YES;
				BUNDLE_LOADER = "$(TEST_HOST)";
				CODE_SIGN_STYLE = Automatic;
				CURRENT_PROJECT_VERSION = 1;
				GENERATE_INFOPLIST_FILE = YES;
				IPHONEOS_DEPLOYMENT_TARGET = 16.0;
				MARKETING_VERSION = 1.0;
				PRODUCT_BUNDLE_IDENTIFIER = com.swiftandmemes.ModularAnalyticsTests;
				PRODUCT_NAME = "$(TARGET_NAME)";
				SWIFT_EMIT_LOC_STRINGS = NO;
				SWIFT_VERSION = 5.0;
				TARGETED_DEVICE_FAMILY = "1,2";
				TEST_HOST = "$(BUILT_PRODUCTS_DIR)/ModularAnalytics.app/$(BUNDLE_EXECUTABLE_FOLDER_PATH)/ModularAnalytics";
			};
			name = Debug;
		};
		2A5EC0A52ABC2BA000B8014C /* Release */ = {
			isa = XCBuildConfiguration;
			buildSettings = {
				ALWAYS_EMBED_SWIFT_STANDARD_LIBRARIES = YES;
				BUNDLE_LOADER = "$(TEST_HOST)";
				CODE_SIGN_STYLE = Automatic;
				CURRENT_PROJECT_VERSION = 1;
				GENERATE_INFOPLIST_FILE = YES;
				IPHONEOS_DEPLOYMENT_TARGET = 16.0;
				MARKETING_VERSION = 1.0;
				PRODUCT_BUNDLE_IDENTIFIER = com.swiftandmemes.ModularAnalyticsTests;
				PRODUCT_NAME = "$(TARGET_NAME)";
				SWIFT_EMIT_LOC_STRINGS = NO;
				SWIFT_VERSION = 5.0;
				TARGETED_DEVICE_FAMILY = "1,2";
				TEST_HOST = "$(BUILT_PRODUCTS_DIR)/ModularAnalytics.app/$(BUNDLE_EXECUTABLE_FOLDER_PATH)/ModularAnalytics";
			};
			name = Release;
		};
/* End XCBuildConfiguration section */

/* Begin XCConfigurationList section */
		2A5EC0772ABC2B9F00B8014C /* Build configuration list for PBXProject "ModularAnalytics" */ = {
			isa = XCConfigurationList;
			buildConfigurations = (
				2A5EC09E2ABC2BA000B8014C /* Debug */,
				2A5EC09F2ABC2BA000B8014C /* Release */,
			);
			defaultConfigurationIsVisible = 0;
			defaultConfigurationName = Release;
		};
		2A5EC0A02ABC2BA000B8014C /* Build configuration list for PBXNativeTarget "ModularAnalytics" */ = {
			isa = XCConfigurationList;
			buildConfigurations = (
				2A5EC0A12ABC2BA000B8014C /* Debug */,
				2A5EC0A22ABC2BA000B8014C /* Release */,
			);
			defaultConfigurationIsVisible = 0;
			defaultConfigurationName = Release;
		};
		2A5EC0A32ABC2BA000B8014C /* Build configuration list for PBXNativeTarget "ModularAnalyticsTests" */ = {
			isa = XCConfigurationList;
			buildConfigurations = (
				2A5EC0A42ABC2BA000B8014C /* Debug */,
				2A5EC0A52ABC2BA000B8014C /* Release */,
			);
			defaultConfigurationIsVisible = 0;
			defaultConfigurationName = Release;
		};
/* End XCConfigurationList section */

/* Begin XCSwiftPackageProductDependency section */
		2A5EC0D02AC45E0F00B8014C /* Dependencies */ = {
			isa = XCSwiftPackageProductDependency;
			productName = Dependencies;
		};
		2A5EC0D22AC45E0F00B8014C /* SampleFeature */ = {
			isa = XCSwiftPackageProductDependency;
			productName = SampleFeature;
		};
		2A5EC0D42AC45E0F00B8014C /* Storage */ = {
			isa = XCSwiftPackageProductDependency;
			productName = Storage;
		};
		2A5EC0D72AC460AF00B8014C /* Analytics */ = {
			isa = XCSwiftPackageProductDependency;
			productName = Analytics;
		};
/* End XCSwiftPackageProductDependency section */
	};
	rootObject = 2A5EC0742ABC2B9F00B8014C /* Project object */;
}
